// !$*UTF8*$!
{
	archiveVersion = 1;
	classes = {
	};
	objectVersion = 56;
	objects = {

/* Begin PBXBuildFile section */
		BF01304A2AE156FF00053470 /* Search.swift in Sources */ = {isa = PBXBuildFile; fileRef = BF0130492AE156FF00053470 /* Search.swift */; };
		BF32602D2AB9206F00A1FEF9 /* PoritosApp.swift in Sources */ = {isa = PBXBuildFile; fileRef = BF32602C2AB9206F00A1FEF9 /* PoritosApp.swift */; };
		BF32602F2AB9206F00A1FEF9 /* ContentView.swift in Sources */ = {isa = PBXBuildFile; fileRef = BF32602E2AB9206F00A1FEF9 /* ContentView.swift */; };
		BF3260312AB9207000A1FEF9 /* Assets.xcassets in Resources */ = {isa = PBXBuildFile; fileRef = BF3260302AB9207000A1FEF9 /* Assets.xcassets */; };
		BF3260342AB9207000A1FEF9 /* Preview Assets.xcassets in Resources */ = {isa = PBXBuildFile; fileRef = BF3260332AB9207000A1FEF9 /* Preview Assets.xcassets */; };
		BF6B536D2ABE5C5D000D1E35 /* LaunchScreen.storyboard in Resources */ = {isa = PBXBuildFile; fileRef = BF6B536C2ABE5C5D000D1E35 /* LaunchScreen.storyboard */; };
		BF745C6D2ADC0B1600F0F164 /* AddPetView.swift in Sources */ = {isa = PBXBuildFile; fileRef = BF745C6C2ADC0B1600F0F164 /* AddPetView.swift */; };
		BF796D572ABF61BF0014C31E /* ContentHome.swift in Sources */ = {isa = PBXBuildFile; fileRef = BF796D562ABF61BF0014C31E /* ContentHome.swift */; };
		BF9451322ABD1EB700481DAD /* passwordView.swift in Sources */ = {isa = PBXBuildFile; fileRef = BF9451312ABD1EB700481DAD /* passwordView.swift */; };
		BFAE1F082ADC135000B70B4B /* ImagePicker.swift in Sources */ = {isa = PBXBuildFile; fileRef = BFAE1F072ADC135000B70B4B /* ImagePicker.swift */; };
		BFBF8FD72ADED1F1004CBCD9 /* ServicesView.swift in Sources */ = {isa = PBXBuildFile; fileRef = BFBF8FD62ADED1F1004CBCD9 /* ServicesView.swift */; };
		BFEE1F8C2ABB6FD7009D233A /* SignUpView.swift in Sources */ = {isa = PBXBuildFile; fileRef = BFEE1F8B2ABB6FD7009D233A /* SignUpView.swift */; };
		BFEE1F932ABB934C009D233A /* Networking.swift in Sources */ = {isa = PBXBuildFile; fileRef = BFEE1F922ABB934C009D233A /* Networking.swift */; };
		BFF8DFFC2ABF316F00508776 /* LoginView.swift in Sources */ = {isa = PBXBuildFile; fileRef = BFF8DFFB2ABF316F00508776 /* LoginView.swift */; };
/* End PBXBuildFile section */

/* Begin PBXFileReference section */
		BF0130492AE156FF00053470 /* Search.swift */ = {isa = PBXFileReference; lastKnownFileType = sourcecode.swift; path = Search.swift; sourceTree = "<group>"; };
		BF3260292AB9206E00A1FEF9 /* Poritos.app */ = {isa = PBXFileReference; explicitFileType = wrapper.application; includeInIndex = 0; path = Poritos.app; sourceTree = BUILT_PRODUCTS_DIR; };
		BF32602C2AB9206F00A1FEF9 /* PoritosApp.swift */ = {isa = PBXFileReference; lastKnownFileType = sourcecode.swift; path = PoritosApp.swift; sourceTree = "<group>"; };
		BF32602E2AB9206F00A1FEF9 /* ContentView.swift */ = {isa = PBXFileReference; lastKnownFileType = sourcecode.swift; path = ContentView.swift; sourceTree = "<group>"; };
		BF3260302AB9207000A1FEF9 /* Assets.xcassets */ = {isa = PBXFileReference; lastKnownFileType = folder.assetcatalog; path = Assets.xcassets; sourceTree = "<group>"; };
		BF3260332AB9207000A1FEF9 /* Preview Assets.xcassets */ = {isa = PBXFileReference; lastKnownFileType = folder.assetcatalog; path = "Preview Assets.xcassets"; sourceTree = "<group>"; };
		BF6B536C2ABE5C5D000D1E35 /* LaunchScreen.storyboard */ = {isa = PBXFileReference; lastKnownFileType = file.storyboard; path = LaunchScreen.storyboard; sourceTree = "<group>"; };
		BF745C6C2ADC0B1600F0F164 /* AddPetView.swift */ = {isa = PBXFileReference; lastKnownFileType = sourcecode.swift; path = AddPetView.swift; sourceTree = "<group>"; };
		BF796D562ABF61BF0014C31E /* ContentHome.swift */ = {isa = PBXFileReference; lastKnownFileType = sourcecode.swift; path = ContentHome.swift; sourceTree = "<group>"; };
		BF9451312ABD1EB700481DAD /* passwordView.swift */ = {isa = PBXFileReference; lastKnownFileType = sourcecode.swift; path = passwordView.swift; sourceTree = "<group>"; };
		BFAE1F072ADC135000B70B4B /* ImagePicker.swift */ = {isa = PBXFileReference; lastKnownFileType = sourcecode.swift; path = ImagePicker.swift; sourceTree = "<group>"; };
		BFBF8FD62ADED1F1004CBCD9 /* ServicesView.swift */ = {isa = PBXFileReference; lastKnownFileType = sourcecode.swift; path = ServicesView.swift; sourceTree = "<group>"; };
		BFEE1F8B2ABB6FD7009D233A /* SignUpView.swift */ = {isa = PBXFileReference; lastKnownFileType = sourcecode.swift; path = SignUpView.swift; sourceTree = "<group>"; };
		BFEE1F922ABB934C009D233A /* Networking.swift */ = {isa = PBXFileReference; lastKnownFileType = sourcecode.swift; path = Networking.swift; sourceTree = "<group>"; };
		BFF8DFFB2ABF316F00508776 /* LoginView.swift */ = {isa = PBXFileReference; lastKnownFileType = sourcecode.swift; path = LoginView.swift; sourceTree = "<group>"; };
/* End PBXFileReference section */

/* Begin PBXFrameworksBuildPhase section */
		BF3260262AB9206E00A1FEF9 /* Frameworks */ = {
			isa = PBXFrameworksBuildPhase;
			buildActionMask = 2147483647;
			files = (
			);
			runOnlyForDeploymentPostprocessing = 0;
		};
/* End PBXFrameworksBuildPhase section */

/* Begin PBXGroup section */
		BF3260202AB9206E00A1FEF9 = {
			isa = PBXGroup;
			children = (
				BF32602B2AB9206E00A1FEF9 /* Poritos */,
				BF32602A2AB9206E00A1FEF9 /* Products */,
			);
			sourceTree = "<group>";
		};
		BF32602A2AB9206E00A1FEF9 /* Products */ = {
			isa = PBXGroup;
			children = (
				BF3260292AB9206E00A1FEF9 /* Poritos.app */,
			);
			name = Products;
			sourceTree = "<group>";
		};
		BF32602B2AB9206E00A1FEF9 /* Poritos */ = {
			isa = PBXGroup;
			children = (
				BF32602C2AB9206F00A1FEF9 /* PoritosApp.swift */,
				BF0130492AE156FF00053470 /* Search.swift */,
				BFAE1F072ADC135000B70B4B /* ImagePicker.swift */,
				BF9451312ABD1EB700481DAD /* passwordView.swift */,
				BFEE1F922ABB934C009D233A /* Networking.swift */,
				BF6B536C2ABE5C5D000D1E35 /* LaunchScreen.storyboard */,
				BF32602E2AB9206F00A1FEF9 /* ContentView.swift */,
				BFF8DFFB2ABF316F00508776 /* LoginView.swift */,
				BFEE1F8B2ABB6FD7009D233A /* SignUpView.swift */,
				BF796D562ABF61BF0014C31E /* ContentHome.swift */,
				BF745C6C2ADC0B1600F0F164 /* AddPetView.swift */,
				BFBF8FD62ADED1F1004CBCD9 /* ServicesView.swift */,
				BF3260302AB9207000A1FEF9 /* Assets.xcassets */,
				BF3260322AB9207000A1FEF9 /* Preview Content */,
			);
			path = Poritos;
			sourceTree = "<group>";
		};
		BF3260322AB9207000A1FEF9 /* Preview Content */ = {
			isa = PBXGroup;
			children = (
				BF3260332AB9207000A1FEF9 /* Preview Assets.xcassets */,
			);
			path = "Preview Content";
			sourceTree = "<group>";
		};
/* End PBXGroup section */

/* Begin PBXNativeTarget section */
		BF3260282AB9206E00A1FEF9 /* Poritos */ = {
			isa = PBXNativeTarget;
			buildConfigurationList = BF3260372AB9207000A1FEF9 /* Build configuration list for PBXNativeTarget "Poritos" */;
			buildPhases = (
				BF3260252AB9206E00A1FEF9 /* Sources */,
				BF3260262AB9206E00A1FEF9 /* Frameworks */,
				BF3260272AB9206E00A1FEF9 /* Resources */,
			);
			buildRules = (
			);
			dependencies = (
			);
			name = Poritos;
			productName = Poritos;
			productReference = BF3260292AB9206E00A1FEF9 /* Poritos.app */;
			productType = "com.apple.product-type.application";
		};
/* End PBXNativeTarget section */

/* Begin PBXProject section */
		BF3260212AB9206E00A1FEF9 /* Project object */ = {
			isa = PBXProject;
			attributes = {
				BuildIndependentTargetsInParallel = 1;
				LastSwiftUpdateCheck = 1430;
				LastUpgradeCheck = 1500;
				TargetAttributes = {
					BF3260282AB9206E00A1FEF9 = {
						CreatedOnToolsVersion = 14.3.1;
					};
				};
			};
			buildConfigurationList = BF3260242AB9206E00A1FEF9 /* Build configuration list for PBXProject "Poritos" */;
			compatibilityVersion = "Xcode 14.0";
			developmentRegion = en;
			hasScannedForEncodings = 0;
			knownRegions = (
				en,
				Base,
			);
			mainGroup = BF3260202AB9206E00A1FEF9;
			productRefGroup = BF32602A2AB9206E00A1FEF9 /* Products */;
			projectDirPath = "";
			projectRoot = "";
			targets = (
				BF3260282AB9206E00A1FEF9 /* Poritos */,
			);
		};
/* End PBXProject section */

/* Begin PBXResourcesBuildPhase section */
		BF3260272AB9206E00A1FEF9 /* Resources */ = {
			isa = PBXResourcesBuildPhase;
			buildActionMask = 2147483647;
			files = (
				BF6B536D2ABE5C5D000D1E35 /* LaunchScreen.storyboard in Resources */,
				BF3260342AB9207000A1FEF9 /* Preview Assets.xcassets in Resources */,
				BF3260312AB9207000A1FEF9 /* Assets.xcassets in Resources */,
			);
			runOnlyForDeploymentPostprocessing = 0;
		};
/* End PBXResourcesBuildPhase section */

/* Begin PBXSourcesBuildPhase section */
		BF3260252AB9206E00A1FEF9 /* Sources */ = {
			isa = PBXSourcesBuildPhase;
			buildActionMask = 2147483647;
			files = (
				BFBF8FD72ADED1F1004CBCD9 /* ServicesView.swift in Sources */,
				BF9451322ABD1EB700481DAD /* passwordView.swift in Sources */,
				BF745C6D2ADC0B1600F0F164 /* AddPetView.swift in Sources */,
				BFF8DFFC2ABF316F00508776 /* LoginView.swift in Sources */,
				BFAE1F082ADC135000B70B4B /* ImagePicker.swift in Sources */,
				BF32602F2AB9206F00A1FEF9 /* ContentView.swift in Sources */,
				BFEE1F8C2ABB6FD7009D233A /* SignUpView.swift in Sources */,
				BF32602D2AB9206F00A1FEF9 /* PoritosApp.swift in Sources */,
				BFEE1F932ABB934C009D233A /* Networking.swift in Sources */,
				BF01304A2AE156FF00053470 /* Search.swift in Sources */,
				BF796D572ABF61BF0014C31E /* ContentHome.swift in Sources */,
			);
			runOnlyForDeploymentPostprocessing = 0;
		};
/* End PBXSourcesBuildPhase section */

/* Begin XCBuildConfiguration section */
		BF3260352AB9207000A1FEF9 /* Debug */ = {
			isa = XCBuildConfiguration;
			buildSettings = {
				ALWAYS_SEARCH_USER_PATHS = NO;
				CLANG_ANALYZER_NONNULL = YES;
				CLANG_ANALYZER_NUMBER_OBJECT_CONVERSION = YES_AGGRESSIVE;
				CLANG_CXX_LANGUAGE_STANDARD = "gnu++20";
				CLANG_ENABLE_MODULES = YES;
				CLANG_ENABLE_OBJC_ARC = YES;
				CLANG_ENABLE_OBJC_WEAK = YES;
				CLANG_WARN_BLOCK_CAPTURE_AUTORELEASING = YES;
				CLANG_WARN_BOOL_CONVERSION = YES;
				CLANG_WARN_COMMA = YES;
				CLANG_WARN_CONSTANT_CONVERSION = YES;
				CLANG_WARN_DEPRECATED_OBJC_IMPLEMENTATIONS = YES;
				CLANG_WARN_DIRECT_OBJC_ISA_USAGE = YES_ERROR;
				CLANG_WARN_DOCUMENTATION_COMMENTS = YES;
				CLANG_WARN_EMPTY_BODY = YES;
				CLANG_WARN_ENUM_CONVERSION = YES;
				CLANG_WARN_INFINITE_RECURSION = YES;
				CLANG_WARN_INT_CONVERSION = YES;
				CLANG_WARN_NON_LITERAL_NULL_CONVERSION = YES;
				CLANG_WARN_OBJC_IMPLICIT_RETAIN_SELF = YES;
				CLANG_WARN_OBJC_LITERAL_CONVERSION = YES;
				CLANG_WARN_OBJC_ROOT_CLASS = YES_ERROR;
				CLANG_WARN_QUOTED_INCLUDE_IN_FRAMEWORK_HEADER = YES;
				CLANG_WARN_RANGE_LOOP_ANALYSIS = YES;
				CLANG_WARN_STRICT_PROTOTYPES = YES;
				CLANG_WARN_SUSPICIOUS_MOVE = YES;
				CLANG_WARN_UNGUARDED_AVAILABILITY = YES_AGGRESSIVE;
				CLANG_WARN_UNREACHABLE_CODE = YES;
				CLANG_WARN__DUPLICATE_METHOD_MATCH = YES;
				COPY_PHASE_STRIP = NO;
				DEBUG_INFORMATION_FORMAT = dwarf;
				ENABLE_STRICT_OBJC_MSGSEND = YES;
				ENABLE_TESTABILITY = YES;
				ENABLE_USER_SCRIPT_SANDBOXING = YES;
				GCC_C_LANGUAGE_STANDARD = gnu11;
				GCC_DYNAMIC_NO_PIC = NO;
				GCC_NO_COMMON_BLOCKS = YES;
				GCC_OPTIMIZATION_LEVEL = 0;
				GCC_PREPROCESSOR_DEFINITIONS = (
					"DEBUG=1",
					"$(inherited)",
				);
				GCC_WARN_64_TO_32_BIT_CONVERSION = YES;
				GCC_WARN_ABOUT_RETURN_TYPE = YES_ERROR;
				GCC_WARN_UNDECLARED_SELECTOR = YES;
				GCC_WARN_UNINITIALIZED_AUTOS = YES_AGGRESSIVE;
				GCC_WARN_UNUSED_FUNCTION = YES;
				GCC_WARN_UNUSED_VARIABLE = YES;
				IPHONEOS_DEPLOYMENT_TARGET = 16.4;
				MTL_ENABLE_DEBUG_INFO = INCLUDE_SOURCE;
				MTL_FAST_MATH = YES;
				ONLY_ACTIVE_ARCH = YES;
				SDKROOT = iphoneos;
				SWIFT_ACTIVE_COMPILATION_CONDITIONS = DEBUG;
				SWIFT_OPTIMIZATION_LEVEL = "-Onone";
			};
			name = Debug;
		};
		BF3260362AB9207000A1FEF9 /* Release */ = {
			isa = XCBuildConfiguration;
			buildSettings = {
				ALWAYS_SEARCH_USER_PATHS = NO;
				CLANG_ANALYZER_NONNULL = YES;
				CLANG_ANALYZER_NUMBER_OBJECT_CONVERSION = YES_AGGRESSIVE;
				CLANG_CXX_LANGUAGE_STANDARD = "gnu++20";
				CLANG_ENABLE_MODULES = YES;
				CLANG_ENABLE_OBJC_ARC = YES;
				CLANG_ENABLE_OBJC_WEAK = YES;
				CLANG_WARN_BLOCK_CAPTURE_AUTORELEASING = YES;
				CLANG_WARN_BOOL_CONVERSION = YES;
				CLANG_WARN_COMMA = YES;
				CLANG_WARN_CONSTANT_CONVERSION = YES;
				CLANG_WARN_DEPRECATED_OBJC_IMPLEMENTATIONS = YES;
				CLANG_WARN_DIRECT_OBJC_ISA_USAGE = YES_ERROR;
				CLANG_WARN_DOCUMENTATION_COMMENTS = YES;
				CLANG_WARN_EMPTY_BODY = YES;
				CLANG_WARN_ENUM_CONVERSION = YES;
				CLANG_WARN_INFINITE_RECURSION = YES;
				CLANG_WARN_INT_CONVERSION = YES;
				CLANG_WARN_NON_LITERAL_NULL_CONVERSION = YES;
				CLANG_WARN_OBJC_IMPLICIT_RETAIN_SELF = YES;
				CLANG_WARN_OBJC_LITERAL_CONVERSION = YES;
				CLANG_WARN_OBJC_ROOT_CLASS = YES_ERROR;
				CLANG_WARN_QUOTED_INCLUDE_IN_FRAMEWORK_HEADER = YES;
				CLANG_WARN_RANGE_LOOP_ANALYSIS = YES;
				CLANG_WARN_STRICT_PROTOTYPES = YES;
				CLANG_WARN_SUSPICIOUS_MOVE = YES;
				CLANG_WARN_UNGUARDED_AVAILABILITY = YES_AGGRESSIVE;
				CLANG_WARN_UNREACHABLE_CODE = YES;
				CLANG_WARN__DUPLICATE_METHOD_MATCH = YES;
				COPY_PHASE_STRIP = NO;
				DEBUG_INFORMATION_FORMAT = "dwarf-with-dsym";
				ENABLE_NS_ASSERTIONS = NO;
				ENABLE_STRICT_OBJC_MSGSEND = YES;
				ENABLE_USER_SCRIPT_SANDBOXING = YES;
				GCC_C_LANGUAGE_STANDARD = gnu11;
				GCC_NO_COMMON_BLOCKS = YES;
				GCC_WARN_64_TO_32_BIT_CONVERSION = YES;
				GCC_WARN_ABOUT_RETURN_TYPE = YES_ERROR;
				GCC_WARN_UNDECLARED_SELECTOR = YES;
				GCC_WARN_UNINITIALIZED_AUTOS = YES_AGGRESSIVE;
				GCC_WARN_UNUSED_FUNCTION = YES;
				GCC_WARN_UNUSED_VARIABLE = YES;
				IPHONEOS_DEPLOYMENT_TARGET = 16.4;
				MTL_ENABLE_DEBUG_INFO = NO;
				MTL_FAST_MATH = YES;
				SDKROOT = iphoneos;
				SWIFT_COMPILATION_MODE = wholemodule;
				SWIFT_OPTIMIZATION_LEVEL = "-O";
				VALIDATE_PRODUCT = YES;
			};
			name = Release;
		};
		BF3260382AB9207000A1FEF9 /* Debug */ = {
			isa = XCBuildConfiguration;
			buildSettings = {
				ASSETCATALOG_COMPILER_APPICON_NAME = AppIcon;
				ASSETCATALOG_COMPILER_GLOBAL_ACCENT_COLOR_NAME = AccentColor;
				CODE_SIGN_STYLE = Automatic;
				CURRENT_PROJECT_VERSION = 1;
				DEVELOPMENT_ASSET_PATHS = "\"Poritos/Preview Content\"";
				DEVELOPMENT_TEAM = 5SV5QKCR64;
				ENABLE_PREVIEWS = YES;
				GENERATE_INFOPLIST_FILE = YES;
				INFOPLIST_FILE = Poritos/Info.plist;
				INFOPLIST_KEY_UIApplicationSceneManifest_Generation = YES;
				INFOPLIST_KEY_UIApplicationSupportsIndirectInputEvents = YES;
				INFOPLIST_KEY_UILaunchScreen_Generation = YES;
				INFOPLIST_KEY_UILaunchStoryboardName = LaunchScreen.storyboard;
				INFOPLIST_KEY_UIStatusBarStyle = UIStatusBarStyleLightContent;
				INFOPLIST_KEY_UISupportedInterfaceOrientations = UIInterfaceOrientationPortrait;
				INFOPLIST_KEY_UISupportedInterfaceOrientations_iPad = "UIInterfaceOrientationLandscapeLeft UIInterfaceOrientationLandscapeRight UIInterfaceOrientationPortrait UIInterfaceOrientationPortraitUpsideDown";
				LD_RUNPATH_SEARCH_PATHS = (
					"$(inherited)",
					"@executable_path/Frameworks",
				);
				MARKETING_VERSION = 1.0;
				PRODUCT_BUNDLE_IDENTIFIER = APS.Poritos;
				PRODUCT_NAME = "$(TARGET_NAME)";
				SWIFT_EMIT_LOC_STRINGS = YES;
				SWIFT_VERSION = 5.0;
				TARGETED_DEVICE_FAMILY = "1,2";
			};
			name = Debug;
		};
		BF3260392AB9207000A1FEF9 /* Release */ = {
			isa = XCBuildConfiguration;
			buildSettings = {
				ASSETCATALOG_COMPILER_APPICON_NAME = AppIcon;
				ASSETCATALOG_COMPILER_GLOBAL_ACCENT_COLOR_NAME = AccentColor;
				CODE_SIGN_STYLE = Automatic;
				CURRENT_PROJECT_VERSION = 1;
				DEVELOPMENT_ASSET_PATHS = "\"Poritos/Preview Content\"";
				DEVELOPMENT_TEAM = 5SV5QKCR64;
				ENABLE_PREVIEWS = YES;
				GENERATE_INFOPLIST_FILE = YES;
				INFOPLIST_FILE = Poritos/Info.plist;
				INFOPLIST_KEY_UIApplicationSceneManifest_Generation = YES;
				INFOPLIST_KEY_UIApplicationSupportsIndirectInputEvents = YES;
				INFOPLIST_KEY_UILaunchScreen_Generation = YES;
				INFOPLIST_KEY_UILaunchStoryboardName = LaunchScreen.storyboard;
				INFOPLIST_KEY_UIStatusBarStyle = UIStatusBarStyleLightContent;
				INFOPLIST_KEY_UISupportedInterfaceOrientations = UIInterfaceOrientationPortrait;
				INFOPLIST_KEY_UISupportedInterfaceOrientations_iPad = "UIInterfaceOrientationLandscapeLeft UIInterfaceOrientationLandscapeRight UIInterfaceOrientationPortrait UIInterfaceOrientationPortraitUpsideDown";
				LD_RUNPATH_SEARCH_PATHS = (
					"$(inherited)",
					"@executable_path/Frameworks",
				);
				MARKETING_VERSION = 1.0;
				PRODUCT_BUNDLE_IDENTIFIER = APS.Poritos;
				PRODUCT_NAME = "$(TARGET_NAME)";
				SWIFT_EMIT_LOC_STRINGS = YES;
				SWIFT_VERSION = 5.0;
				TARGETED_DEVICE_FAMILY = "1,2";
			};
			name = Release;
		};
/* End XCBuildConfiguration section */

/* Begin XCConfigurationList section */
		BF3260242AB9206E00A1FEF9 /* Build configuration list for PBXProject "Poritos" */ = {
			isa = XCConfigurationList;
			buildConfigurations = (
				BF3260352AB9207000A1FEF9 /* Debug */,
				BF3260362AB9207000A1FEF9 /* Release */,
			);
			defaultConfigurationIsVisible = 0;
			defaultConfigurationName = Release;
		};
		BF3260372AB9207000A1FEF9 /* Build configuration list for PBXNativeTarget "Poritos" */ = {
			isa = XCConfigurationList;
			buildConfigurations = (
				BF3260382AB9207000A1FEF9 /* Debug */,
				BF3260392AB9207000A1FEF9 /* Release */,
			);
			defaultConfigurationIsVisible = 0;
			defaultConfigurationName = Release;
		};
/* End XCConfigurationList section */
	};
	rootObject = BF3260212AB9206E00A1FEF9 /* Project object */;
}
